
Microsoft Visual Studio Solution File, Format Version 12.00
# Visual Studio 15
VisualStudioVersion = 15.0.28307.852
MinimumVisualStudioVersion = 10.0.40219.1
Project("{FAE04EC0-301F-11D3-BF4B-00C04F79EFBC}") = "Lab01", "Lab01\Lab01.csproj", "{A734FB0E-4DB9-4E90-9503-DDC9E24F1477}"
EndProject
Global
	GlobalSection(SolutionConfigurationPlatforms) = preSolution
		Debug|Any CPU = Debug|Any CPU
		Release|Any CPU = Release|Any CPU
	EndGlobalSection
	GlobalSection(ProjectConfigurationPlatforms) = postSolution
		{A734FB0E-4DB9-4E90-9503-DDC9E24F1477}.Debug|Any CPU.ActiveCfg = Debug|Any CPU
		{A734FB0E-4DB9-4E90-9503-DDC9E24F1477}.Debug|Any CPU.Build.0 = Debug|Any CPU
		{A734FB0E-4DB9-4E90-9503-DDC9E24F1477}.Release|Any CPU.ActiveCfg = Release|Any CPU
		{A734FB0E-4DB9-4E90-9503-DDC9E24F1477}.Release|Any CPU.Build.0 = Release|Any CPU
	EndGlobalSection
	GlobalSection(SolutionProperties) = preSolution
		HideSolutionNode = FALSE
	EndGlobalSection
	GlobalSection(ExtensibilityGlobals) = postSolution
		SolutionGuid = {ACC523F6-5897-4043-B1F7-2BD193539E57}
	EndGlobalSection
EndGlobal
